// !$*UTF8*$!
{
	archiveVersion = 1;
	classes = {
	};
	objectVersion = 50;
	objects = {

/* Begin PBXBuildFile section */
		CA22A3F9267B80A10059A94F /* Session.swift in Sources */ = {isa = PBXBuildFile; fileRef = CA22A3F8267B80A10059A94F /* Session.swift */; };
		CA38F7B6267B748000D26A31 /* AppDelegate.swift in Sources */ = {isa = PBXBuildFile; fileRef = CA38F7B5267B748000D26A31 /* AppDelegate.swift */; };
		CA38F7B8267B748000D26A31 /* SceneDelegate.swift in Sources */ = {isa = PBXBuildFile; fileRef = CA38F7B7267B748000D26A31 /* SceneDelegate.swift */; };
		CA38F7BA267B748000D26A31 /* ViewController.swift in Sources */ = {isa = PBXBuildFile; fileRef = CA38F7B9267B748000D26A31 /* ViewController.swift */; };
		CA38F7BD267B748000D26A31 /* Main.storyboard in Resources */ = {isa = PBXBuildFile; fileRef = CA38F7BB267B748000D26A31 /* Main.storyboard */; };
		CA38F7BF267B748400D26A31 /* Assets.xcassets in Resources */ = {isa = PBXBuildFile; fileRef = CA38F7BE267B748400D26A31 /* Assets.xcassets */; };
		CA38F7C2267B748400D26A31 /* LaunchScreen.storyboard in Resources */ = {isa = PBXBuildFile; fileRef = CA38F7C0267B748400D26A31 /* LaunchScreen.storyboard */; };
		CAA20918268B523E00AEA65B /* GroupsTableViewController.swift in Sources */ = {isa = PBXBuildFile; fileRef = CAA20917268B523E00AEA65B /* GroupsTableViewController.swift */; };
		CAA2091B268B543600AEA65B /* Photo.swift in Sources */ = {isa = PBXBuildFile; fileRef = CAA2091A268B543600AEA65B /* Photo.swift */; };
		CAA2091D268B545D00AEA65B /* PhotoCollectionViewController.swift in Sources */ = {isa = PBXBuildFile; fileRef = CAA2091C268B545D00AEA65B /* PhotoCollectionViewController.swift */; };
		CADCCE45268A7D34003AE118 /* FriendListTableViewController.swift in Sources */ = {isa = PBXBuildFile; fileRef = CADCCE44268A7D34003AE118 /* FriendListTableViewController.swift */; };
		CADCCE48268B1289003AE118 /* User.swift in Sources */ = {isa = PBXBuildFile; fileRef = CADCCE47268B1289003AE118 /* User.swift */; };
		CADCCE4D268B2AEE003AE118 /* Group.swift in Sources */ = {isa = PBXBuildFile; fileRef = CADCCE4C268B2AEE003AE118 /* Group.swift */; };
/* End PBXBuildFile section */

/* Begin PBXFileReference section */
		CA22A3F8267B80A10059A94F /* Session.swift */ = {isa = PBXFileReference; lastKnownFileType = sourcecode.swift; path = Session.swift; sourceTree = "<group>"; };
		CA38F7B2267B748000D26A31 /* gb-client_server-app.app */ = {isa = PBXFileReference; explicitFileType = wrapper.application; includeInIndex = 0; path = "gb-client_server-app.app"; sourceTree = BUILT_PRODUCTS_DIR; };
		CA38F7B5267B748000D26A31 /* AppDelegate.swift */ = {isa = PBXFileReference; lastKnownFileType = sourcecode.swift; path = AppDelegate.swift; sourceTree = "<group>"; };
		CA38F7B7267B748000D26A31 /* SceneDelegate.swift */ = {isa = PBXFileReference; lastKnownFileType = sourcecode.swift; path = SceneDelegate.swift; sourceTree = "<group>"; };
		CA38F7B9267B748000D26A31 /* ViewController.swift */ = {isa = PBXFileReference; lastKnownFileType = sourcecode.swift; path = ViewController.swift; sourceTree = "<group>"; };
		CA38F7BC267B748000D26A31 /* Base */ = {isa = PBXFileReference; lastKnownFileType = file.storyboard; name = Base; path = Base.lproj/Main.storyboard; sourceTree = "<group>"; };
		CA38F7BE267B748400D26A31 /* Assets.xcassets */ = {isa = PBXFileReference; lastKnownFileType = folder.assetcatalog; path = Assets.xcassets; sourceTree = "<group>"; };
		CA38F7C1267B748400D26A31 /* Base */ = {isa = PBXFileReference; lastKnownFileType = file.storyboard; name = Base; path = Base.lproj/LaunchScreen.storyboard; sourceTree = "<group>"; };
		CA38F7C3267B748400D26A31 /* Info.plist */ = {isa = PBXFileReference; lastKnownFileType = text.plist.xml; path = Info.plist; sourceTree = "<group>"; };
		CAA20917268B523E00AEA65B /* GroupsTableViewController.swift */ = {isa = PBXFileReference; lastKnownFileType = sourcecode.swift; path = GroupsTableViewController.swift; sourceTree = "<group>"; };
		CAA2091A268B543600AEA65B /* Photo.swift */ = {isa = PBXFileReference; lastKnownFileType = sourcecode.swift; path = Photo.swift; sourceTree = "<group>"; };
		CAA2091C268B545D00AEA65B /* PhotoCollectionViewController.swift */ = {isa = PBXFileReference; lastKnownFileType = sourcecode.swift; path = PhotoCollectionViewController.swift; sourceTree = "<group>"; };
		CADCCE44268A7D34003AE118 /* FriendListTableViewController.swift */ = {isa = PBXFileReference; lastKnownFileType = sourcecode.swift; path = FriendListTableViewController.swift; sourceTree = "<group>"; };
		CADCCE47268B1289003AE118 /* User.swift */ = {isa = PBXFileReference; lastKnownFileType = sourcecode.swift; path = User.swift; sourceTree = "<group>"; };
		CADCCE4C268B2AEE003AE118 /* Group.swift */ = {isa = PBXFileReference; lastKnownFileType = sourcecode.swift; path = Group.swift; sourceTree = "<group>"; };
/* End PBXFileReference section */

/* Begin PBXFrameworksBuildPhase section */
		CA38F7AF267B748000D26A31 /* Frameworks */ = {
			isa = PBXFrameworksBuildPhase;
			buildActionMask = 2147483647;
			files = (
			);
			runOnlyForDeploymentPostprocessing = 0;
		};
/* End PBXFrameworksBuildPhase section */

/* Begin PBXGroup section */
		CA22A3F4267B802D0059A94F /* Resources */ = {
			isa = PBXGroup;
			children = (
				CA38F7BB267B748000D26A31 /* Main.storyboard */,
				CA38F7BE267B748400D26A31 /* Assets.xcassets */,
				CA38F7C0267B748400D26A31 /* LaunchScreen.storyboard */,
				CA38F7C3267B748400D26A31 /* Info.plist */,
			);
			path = Resources;
			sourceTree = "<group>";
		};
		CA22A3F5267B803B0059A94F /* App */ = {
			isa = PBXGroup;
			children = (
				CA38F7B5267B748000D26A31 /* AppDelegate.swift */,
				CA38F7B7267B748000D26A31 /* SceneDelegate.swift */,
			);
			path = App;
			sourceTree = "<group>";
		};
		CA22A3F6267B80420059A94F /* Lesson-1 */ = {
			isa = PBXGroup;
			children = (
				CAA20919268B542800AEA65B /* Photo */,
				CADCCE4B268B184D003AE118 /* Group */,
				CADCCE46268B127B003AE118 /* Module */,
				CADCCE412689E1A1003AE118 /* Friends */,
				CA22A3F7267B80910059A94F /* NetworkManager */,
				CA38F7B9267B748000D26A31 /* ViewController.swift */,
			);
			path = "Lesson-1";
			sourceTree = "<group>";
		};
		CA22A3F7267B80910059A94F /* NetworkManager */ = {
			isa = PBXGroup;
			children = (
				CA22A3F8267B80A10059A94F /* Session.swift */,
			);
			path = NetworkManager;
			sourceTree = "<group>";
		};
		CA38F7A9267B748000D26A31 = {
			isa = PBXGroup;
			children = (
				CA38F7B4267B748000D26A31 /* gb-client_server-app */,
				CA38F7B3267B748000D26A31 /* Products */,
			);
			sourceTree = "<group>";
		};
		CA38F7B3267B748000D26A31 /* Products */ = {
			isa = PBXGroup;
			children = (
				CA38F7B2267B748000D26A31 /* gb-client_server-app.app */,
			);
			name = Products;
			sourceTree = "<group>";
		};
		CA38F7B4267B748000D26A31 /* gb-client_server-app */ = {
			isa = PBXGroup;
			children = (
				CA22A3F5267B803B0059A94F /* App */,
				CA22A3F6267B80420059A94F /* Lesson-1 */,
				CA22A3F4267B802D0059A94F /* Resources */,
			);
			path = "gb-client_server-app";
			sourceTree = "<group>";
		};
		CAA20919268B542800AEA65B /* Photo */ = {
			isa = PBXGroup;
			children = (
				CAA2091C268B545D00AEA65B /* PhotoCollectionViewController.swift */,
			);
			path = Photo;
			sourceTree = "<group>";
		};
		CADCCE412689E1A1003AE118 /* Friends */ = {
			isa = PBXGroup;
			children = (
				CADCCE44268A7D34003AE118 /* FriendListTableViewController.swift */,
			);
			path = Friends;
			sourceTree = "<group>";
		};
		CADCCE46268B127B003AE118 /* Module */ = {
			isa = PBXGroup;
			children = (
				CADCCE4C268B2AEE003AE118 /* Group.swift */,
				CADCCE47268B1289003AE118 /* User.swift */,
				CAA2091A268B543600AEA65B /* Photo.swift */,
			);
			path = Module;
			sourceTree = "<group>";
		};
		CADCCE4B268B184D003AE118 /* Group */ = {
			isa = PBXGroup;
			children = (
				CAA20917268B523E00AEA65B /* GroupsTableViewController.swift */,
			);
			path = Group;
			sourceTree = "<group>";
		};
/* End PBXGroup section */

/* Begin PBXNativeTarget section */
		CA38F7B1267B748000D26A31 /* gb-client_server-app */ = {
			isa = PBXNativeTarget;
			buildConfigurationList = CA38F7C6267B748400D26A31 /* Build configuration list for PBXNativeTarget "gb-client_server-app" */;
			buildPhases = (
				CA38F7AE267B748000D26A31 /* Sources */,
				CA38F7AF267B748000D26A31 /* Frameworks */,
				CA38F7B0267B748000D26A31 /* Resources */,
			);
			buildRules = (
			);
			dependencies = (
			);
			name = "gb-client_server-app";
			productName = "gb-client_server-app";
			productReference = CA38F7B2267B748000D26A31 /* gb-client_server-app.app */;
			productType = "com.apple.product-type.application";
		};
/* End PBXNativeTarget section */

/* Begin PBXProject section */
		CA38F7AA267B748000D26A31 /* Project object */ = {
			isa = PBXProject;
			attributes = {
				LastSwiftUpdateCheck = 1250;
				LastUpgradeCheck = 1250;
				TargetAttributes = {
					CA38F7B1267B748000D26A31 = {
						CreatedOnToolsVersion = 12.5;
					};
				};
			};
			buildConfigurationList = CA38F7AD267B748000D26A31 /* Build configuration list for PBXProject "gb-client_server-app" */;
			compatibilityVersion = "Xcode 9.3";
			developmentRegion = en;
			hasScannedForEncodings = 0;
			knownRegions = (
				en,
				Base,
			);
			mainGroup = CA38F7A9267B748000D26A31;
			productRefGroup = CA38F7B3267B748000D26A31 /* Products */;
			projectDirPath = "";
			projectRoot = "";
			targets = (
				CA38F7B1267B748000D26A31 /* gb-client_server-app */,
			);
		};
/* End PBXProject section */

/* Begin PBXResourcesBuildPhase section */
		CA38F7B0267B748000D26A31 /* Resources */ = {
			isa = PBXResourcesBuildPhase;
			buildActionMask = 2147483647;
			files = (
				CA38F7C2267B748400D26A31 /* LaunchScreen.storyboard in Resources */,
				CA38F7BF267B748400D26A31 /* Assets.xcassets in Resources */,
				CA38F7BD267B748000D26A31 /* Main.storyboard in Resources */,
			);
			runOnlyForDeploymentPostprocessing = 0;
		};
/* End PBXResourcesBuildPhase section */

/* Begin PBXSourcesBuildPhase section */
		CA38F7AE267B748000D26A31 /* Sources */ = {
			isa = PBXSourcesBuildPhase;
			buildActionMask = 2147483647;
			files = (
				CA22A3F9267B80A10059A94F /* Session.swift in Sources */,
				CAA20918268B523E00AEA65B /* GroupsTableViewController.swift in Sources */,
				CA38F7BA267B748000D26A31 /* ViewController.swift in Sources */,
				CAA2091B268B543600AEA65B /* Photo.swift in Sources */,
				CA38F7B6267B748000D26A31 /* AppDelegate.swift in Sources */,
				CAA2091D268B545D00AEA65B /* PhotoCollectionViewController.swift in Sources */,
				CADCCE4D268B2AEE003AE118 /* Group.swift in Sources */,
				CADCCE45268A7D34003AE118 /* FriendListTableViewController.swift in Sources */,
				CA38F7B8267B748000D26A31 /* SceneDelegate.swift in Sources */,
				CADCCE48268B1289003AE118 /* User.swift in Sources */,
			);
			runOnlyForDeploymentPostprocessing = 0;
		};
/* End PBXSourcesBuildPhase section */

/* Begin PBXVariantGroup section */
		CA38F7BB267B748000D26A31 /* Main.storyboard */ = {
			isa = PBXVariantGroup;
			children = (
				CA38F7BC267B748000D26A31 /* Base */,
			);
			name = Main.storyboard;
			sourceTree = "<group>";
		};
		CA38F7C0267B748400D26A31 /* LaunchScreen.storyboard */ = {
			isa = PBXVariantGroup;
			children = (
				CA38F7C1267B748400D26A31 /* Base */,
			);
			name = LaunchScreen.storyboard;
			sourceTree = "<group>";
		};
/* End PBXVariantGroup section */

/* Begin XCBuildConfiguration section */
		CA38F7C4267B748400D26A31 /* Debug */ = {
			isa = XCBuildConfiguration;
			buildSettings = {
				ALWAYS_SEARCH_USER_PATHS = NO;
				CLANG_ANALYZER_NONNULL = YES;
				CLANG_ANALYZER_NUMBER_OBJECT_CONVERSION = YES_AGGRESSIVE;
				CLANG_CXX_LANGUAGE_STANDARD = "gnu++14";
				CLANG_CXX_LIBRARY = "libc++";
				CLANG_ENABLE_MODULES = YES;
				CLANG_ENABLE_OBJC_ARC = YES;
				CLANG_ENABLE_OBJC_WEAK = YES;
				CLANG_WARN_BLOCK_CAPTURE_AUTORELEASING = YES;
				CLANG_WARN_BOOL_CONVERSION = YES;
				CLANG_WARN_COMMA = YES;
				CLANG_WARN_CONSTANT_CONVERSION = YES;
				CLANG_WARN_DEPRECATED_OBJC_IMPLEMENTATIONS = YES;
				CLANG_WARN_DIRECT_OBJC_ISA_USAGE = YES_ERROR;
				CLANG_WARN_DOCUMENTATION_COMMENTS = YES;
				CLANG_WARN_EMPTY_BODY = YES;
				CLANG_WARN_ENUM_CONVERSION = YES;
				CLANG_WARN_INFINITE_RECURSION = YES;
				CLANG_WARN_INT_CONVERSION = YES;
				CLANG_WARN_NON_LITERAL_NULL_CONVERSION = YES;
				CLANG_WARN_OBJC_IMPLICIT_RETAIN_SELF = YES;
				CLANG_WARN_OBJC_LITERAL_CONVERSION = YES;
				CLANG_WARN_OBJC_ROOT_CLASS = YES_ERROR;
				CLANG_WARN_QUOTED_INCLUDE_IN_FRAMEWORK_HEADER = YES;
				CLANG_WARN_RANGE_LOOP_ANALYSIS = YES;
				CLANG_WARN_STRICT_PROTOTYPES = YES;
				CLANG_WARN_SUSPICIOUS_MOVE = YES;
				CLANG_WARN_UNGUARDED_AVAILABILITY = YES_AGGRESSIVE;
				CLANG_WARN_UNREACHABLE_CODE = YES;
				CLANG_WARN__DUPLICATE_METHOD_MATCH = YES;
				COPY_PHASE_STRIP = NO;
				DEBUG_INFORMATION_FORMAT = dwarf;
				ENABLE_STRICT_OBJC_MSGSEND = YES;
				ENABLE_TESTABILITY = YES;
				GCC_C_LANGUAGE_STANDARD = gnu11;
				GCC_DYNAMIC_NO_PIC = NO;
				GCC_NO_COMMON_BLOCKS = YES;
				GCC_OPTIMIZATION_LEVEL = 0;
				GCC_PREPROCESSOR_DEFINITIONS = (
					"DEBUG=1",
					"$(inherited)",
				);
				GCC_WARN_64_TO_32_BIT_CONVERSION = YES;
				GCC_WARN_ABOUT_RETURN_TYPE = YES_ERROR;
				GCC_WARN_UNDECLARED_SELECTOR = YES;
				GCC_WARN_UNINITIALIZED_AUTOS = YES_AGGRESSIVE;
				GCC_WARN_UNUSED_FUNCTION = YES;
				GCC_WARN_UNUSED_VARIABLE = YES;
				IPHONEOS_DEPLOYMENT_TARGET = 14.5;
				MTL_ENABLE_DEBUG_INFO = INCLUDE_SOURCE;
				MTL_FAST_MATH = YES;
				ONLY_ACTIVE_ARCH = YES;
				SDKROOT = iphoneos;
				SWIFT_ACTIVE_COMPILATION_CONDITIONS = DEBUG;
				SWIFT_OPTIMIZATION_LEVEL = "-Onone";
			};
			name = Debug;
		};
		CA38F7C5267B748400D26A31 /* Release */ = {
			isa = XCBuildConfiguration;
			buildSettings = {
				ALWAYS_SEARCH_USER_PATHS = NO;
				CLANG_ANALYZER_NONNULL = YES;
				CLANG_ANALYZER_NUMBER_OBJECT_CONVERSION = YES_AGGRESSIVE;
				CLANG_CXX_LANGUAGE_STANDARD = "gnu++14";
				CLANG_CXX_LIBRARY = "libc++";
				CLANG_ENABLE_MODULES = YES;
				CLANG_ENABLE_OBJC_ARC = YES;
				CLANG_ENABLE_OBJC_WEAK = YES;
				CLANG_WARN_BLOCK_CAPTURE_AUTORELEASING = YES;
				CLANG_WARN_BOOL_CONVERSION = YES;
				CLANG_WARN_COMMA = YES;
				CLANG_WARN_CONSTANT_CONVERSION = YES;
				CLANG_WARN_DEPRECATED_OBJC_IMPLEMENTATIONS = YES;
				CLANG_WARN_DIRECT_OBJC_ISA_USAGE = YES_ERROR;
				CLANG_WARN_DOCUMENTATION_COMMENTS = YES;
				CLANG_WARN_EMPTY_BODY = YES;
				CLANG_WARN_ENUM_CONVERSION = YES;
				CLANG_WARN_INFINITE_RECURSION = YES;
				CLANG_WARN_INT_CONVERSION = YES;
				CLANG_WARN_NON_LITERAL_NULL_CONVERSION = YES;
				CLANG_WARN_OBJC_IMPLICIT_RETAIN_SELF = YES;
				CLANG_WARN_OBJC_LITERAL_CONVERSION = YES;
				CLANG_WARN_OBJC_ROOT_CLASS = YES_ERROR;
				CLANG_WARN_QUOTED_INCLUDE_IN_FRAMEWORK_HEADER = YES;
				CLANG_WARN_RANGE_LOOP_ANALYSIS = YES;
				CLANG_WARN_STRICT_PROTOTYPES = YES;
				CLANG_WARN_SUSPICIOUS_MOVE = YES;
				CLANG_WARN_UNGUARDED_AVAILABILITY = YES_AGGRESSIVE;
				CLANG_WARN_UNREACHABLE_CODE = YES;
				CLANG_WARN__DUPLICATE_METHOD_MATCH = YES;
				COPY_PHASE_STRIP = NO;
				DEBUG_INFORMATION_FORMAT = "dwarf-with-dsym";
				ENABLE_NS_ASSERTIONS = NO;
				ENABLE_STRICT_OBJC_MSGSEND = YES;
				GCC_C_LANGUAGE_STANDARD = gnu11;
				GCC_NO_COMMON_BLOCKS = YES;
				GCC_WARN_64_TO_32_BIT_CONVERSION = YES;
				GCC_WARN_ABOUT_RETURN_TYPE = YES_ERROR;
				GCC_WARN_UNDECLARED_SELECTOR = YES;
				GCC_WARN_UNINITIALIZED_AUTOS = YES_AGGRESSIVE;
				GCC_WARN_UNUSED_FUNCTION = YES;
				GCC_WARN_UNUSED_VARIABLE = YES;
				IPHONEOS_DEPLOYMENT_TARGET = 14.5;
				MTL_ENABLE_DEBUG_INFO = NO;
				MTL_FAST_MATH = YES;
				SDKROOT = iphoneos;
				SWIFT_COMPILATION_MODE = wholemodule;
				SWIFT_OPTIMIZATION_LEVEL = "-O";
				VALIDATE_PRODUCT = YES;
			};
			name = Release;
		};
		CA38F7C7267B748400D26A31 /* Debug */ = {
			isa = XCBuildConfiguration;
			buildSettings = {
				ASSETCATALOG_COMPILER_APPICON_NAME = AppIcon;
				ASSETCATALOG_COMPILER_GLOBAL_ACCENT_COLOR_NAME = AccentColor;
				CODE_SIGN_STYLE = Automatic;
				DEVELOPMENT_TEAM = 4T9QB59XF7;
				INFOPLIST_FILE = "gb-client_server-app/Resources/Info.plist";
				LD_RUNPATH_SEARCH_PATHS = (
					"$(inherited)",
					"@executable_path/Frameworks",
				);
				PRODUCT_BUNDLE_IDENTIFIER = "VK.gb-client-server-app";
				PRODUCT_NAME = "$(TARGET_NAME)";
				SWIFT_VERSION = 5.0;
				TARGETED_DEVICE_FAMILY = "1,2";
			};
			name = Debug;
		};
		CA38F7C8267B748400D26A31 /* Release */ = {
			isa = XCBuildConfiguration;
			buildSettings = {
				ASSETCATALOG_COMPILER_APPICON_NAME = AppIcon;
				ASSETCATALOG_COMPILER_GLOBAL_ACCENT_COLOR_NAME = AccentColor;
				CODE_SIGN_STYLE = Automatic;
				DEVELOPMENT_TEAM = 4T9QB59XF7;
				INFOPLIST_FILE = "gb-client_server-app/Resources/Info.plist";
				LD_RUNPATH_SEARCH_PATHS = (
					"$(inherited)",
					"@executable_path/Frameworks",
				);
				PRODUCT_BUNDLE_IDENTIFIER = "VK.gb-client-server-app";
				PRODUCT_NAME = "$(TARGET_NAME)";
				SWIFT_VERSION = 5.0;
				TARGETED_DEVICE_FAMILY = "1,2";
			};
			name = Release;
		};
/* End XCBuildConfiguration section */

/* Begin XCConfigurationList section */
		CA38F7AD267B748000D26A31 /* Build configuration list for PBXProject "gb-client_server-app" */ = {
			isa = XCConfigurationList;
			buildConfigurations = (
				CA38F7C4267B748400D26A31 /* Debug */,
				CA38F7C5267B748400D26A31 /* Release */,
			);
			defaultConfigurationIsVisible = 0;
			defaultConfigurationName = Release;
		};
		CA38F7C6267B748400D26A31 /* Build configuration list for PBXNativeTarget "gb-client_server-app" */ = {
			isa = XCConfigurationList;
			buildConfigurations = (
				CA38F7C7267B748400D26A31 /* Debug */,
				CA38F7C8267B748400D26A31 /* Release */,
			);
			defaultConfigurationIsVisible = 0;
			defaultConfigurationName = Release;
		};
/* End XCConfigurationList section */
	};
	rootObject = CA38F7AA267B748000D26A31 /* Project object */;
}
